
Microsoft Visual Studio Solution File, Format Version 12.00
# Visual Studio Version 17
VisualStudioVersion = 17.5.002.0
MinimumVisualStudioVersion = 10.0.40219.1
Project("{9A19103F-16F7-4668-BE54-9A1E7A4F7556}") = "Ip locate", "Ip locate.csproj", "{5B7BA71D-2116-41C5-A882-1E5829C89877}"
EndProject
Global
	GlobalSection(SolutionConfigurationPlatforms) = preSolution
		Debug|Any CPU = Debug|Any CPU
		Release|Any CPU = Release|Any CPU
	EndGlobalSection
	GlobalSection(ProjectConfigurationPlatforms) = postSolution
		{5B7BA71D-2116-41C5-A882-1E5829C89877}.Debug|Any CPU.ActiveCfg = Debug|Any CPU
		{5B7BA71D-2116-41C5-A882-1E5829C89877}.Debug|Any CPU.Build.0 = Debug|Any CPU
		{5B7BA71D-2116-41C5-A882-1E5829C89877}.Release|Any CPU.ActiveCfg = Release|Any CPU
		{5B7BA71D-2116-41C5-A882-1E5829C89877}.Release|Any CPU.Build.0 = Release|Any CPU
	EndGlobalSection
	GlobalSection(SolutionProperties) = preSolution
		HideSolutionNode = FALSE
	EndGlobalSection
	GlobalSection(ExtensibilityGlobals) = postSolution
		SolutionGuid = {237571B8-3F09-45B6-816C-439AB8D94D65}
	EndGlobalSection
EndGlobal
